
Microsoft Visual Studio Solution File, Format Version 12.00
# Visual Studio Version 17
VisualStudioVersion = 17.11.35312.102
MinimumVisualStudioVersion = 10.0.40219.1
Project("{FAE04EC0-301F-11D3-BF4B-00C04F79EFBC}") = "Zinauth", "Zinauth.csproj", "{430228F3-D923-425A-8EC6-68BF8FA9A7DD}"
EndProject
Global
	GlobalSection(SolutionConfigurationPlatforms) = preSolution
		Debug|Any CPU = Debug|Any CPU
		Release|Any CPU = Release|Any CPU
	EndGlobalSection
	GlobalSection(ProjectConfigurationPlatforms) = postSolution
		{430228F3-D923-425A-8EC6-68BF8FA9A7DD}.Debug|Any CPU.ActiveCfg = Debug|Any CPU
		{430228F3-D923-425A-8EC6-68BF8FA9A7DD}.Debug|Any CPU.Build.0 = Debug|Any CPU
		{430228F3-D923-425A-8EC6-68BF8FA9A7DD}.Release|Any CPU.ActiveCfg = Release|Any CPU
		{430228F3-D923-425A-8EC6-68BF8FA9A7DD}.Release|Any CPU.Build.0 = Release|Any CPU
	EndGlobalSection
	GlobalSection(SolutionProperties) = preSolution
		HideSolutionNode = FALSE
	EndGlobalSection
	GlobalSection(ExtensibilityGlobals) = postSolution
		SolutionGuid = {3825253F-7386-4FAC-AA94-7BEFAEA8E34D}
	EndGlobalSection
EndGlobal
